
Microsoft Visual Studio Solution File, Format Version 12.00
# Visual Studio Version 17
VisualStudioVersion = 17.3.32922.545
MinimumVisualStudioVersion = 10.0.40219.1
Project("{FAE04EC0-301F-11D3-BF4B-00C04F79EFBC}") = "Завдання XML 2", "Завдання XML 2.csproj", "{3A74AFEB-3726-4B0E-9A3D-6D47722FE6BD}"
EndProject
Global
	GlobalSection(SolutionConfigurationPlatforms) = preSolution
		Debug|Any CPU = Debug|Any CPU
		Release|Any CPU = Release|Any CPU
	EndGlobalSection
	GlobalSection(ProjectConfigurationPlatforms) = postSolution
		{3A74AFEB-3726-4B0E-9A3D-6D47722FE6BD}.Debug|Any CPU.ActiveCfg = Debug|Any CPU
		{3A74AFEB-3726-4B0E-9A3D-6D47722FE6BD}.Debug|Any CPU.Build.0 = Debug|Any CPU
		{3A74AFEB-3726-4B0E-9A3D-6D47722FE6BD}.Release|Any CPU.ActiveCfg = Release|Any CPU
		{3A74AFEB-3726-4B0E-9A3D-6D47722FE6BD}.Release|Any CPU.Build.0 = Release|Any CPU
	EndGlobalSection
	GlobalSection(SolutionProperties) = preSolution
		HideSolutionNode = FALSE
	EndGlobalSection
	GlobalSection(ExtensibilityGlobals) = postSolution
		SolutionGuid = {08C513A1-07F9-49DB-9F46-1DACE92799D4}
	EndGlobalSection
EndGlobal
